
Microsoft Visual Studio Solution File, Format Version 12.00
# Visual Studio Version 16
VisualStudioVersion = 16.0.31205.134
MinimumVisualStudioVersion = 10.0.40219.1
Project("{FAE04EC0-301F-11D3-BF4B-00C04F79EFBC}") = "Store.API", "Store.API\Store.API.csproj", "{FF656311-7ECD-4A80-9B64-C295CDA6D8C4}"
EndProject
Project("{FAE04EC0-301F-11D3-BF4B-00C04F79EFBC}") = "Store.Application", "Store.Application\Store.Application.csproj", "{BFC52972-B72B-4D37-8A57-3E142522D263}"
EndProject
Project("{FAE04EC0-301F-11D3-BF4B-00C04F79EFBC}") = "Store.Infra.Data", "Store.Infra.Data\Store.Infra.Data.csproj", "{1D017C9B-65BD-4D6E-BFAB-F2AEDC63FEB8}"
EndProject
Project("{FAE04EC0-301F-11D3-BF4B-00C04F79EFBC}") = "Store.Domain", "Store.Domain\Store.Domain.csproj", "{8C91A685-508A-450E-9D62-1F598742873A}"
EndProject
Global
	GlobalSection(SolutionConfigurationPlatforms) = preSolution
		Debug|Any CPU = Debug|Any CPU
		Release|Any CPU = Release|Any CPU
	EndGlobalSection
	GlobalSection(ProjectConfigurationPlatforms) = postSolution
		{FF656311-7ECD-4A80-9B64-C295CDA6D8C4}.Debug|Any CPU.ActiveCfg = Debug|Any CPU
		{FF656311-7ECD-4A80-9B64-C295CDA6D8C4}.Debug|Any CPU.Build.0 = Debug|Any CPU
		{FF656311-7ECD-4A80-9B64-C295CDA6D8C4}.Release|Any CPU.ActiveCfg = Release|Any CPU
		{FF656311-7ECD-4A80-9B64-C295CDA6D8C4}.Release|Any CPU.Build.0 = Release|Any CPU
		{BFC52972-B72B-4D37-8A57-3E142522D263}.Debug|Any CPU.ActiveCfg = Debug|Any CPU
		{BFC52972-B72B-4D37-8A57-3E142522D263}.Debug|Any CPU.Build.0 = Debug|Any CPU
		{BFC52972-B72B-4D37-8A57-3E142522D263}.Release|Any CPU.ActiveCfg = Release|Any CPU
		{BFC52972-B72B-4D37-8A57-3E142522D263}.Release|Any CPU.Build.0 = Release|Any CPU
		{1D017C9B-65BD-4D6E-BFAB-F2AEDC63FEB8}.Debug|Any CPU.ActiveCfg = Debug|Any CPU
		{1D017C9B-65BD-4D6E-BFAB-F2AEDC63FEB8}.Debug|Any CPU.Build.0 = Debug|Any CPU
		{1D017C9B-65BD-4D6E-BFAB-F2AEDC63FEB8}.Release|Any CPU.ActiveCfg = Release|Any CPU
		{1D017C9B-65BD-4D6E-BFAB-F2AEDC63FEB8}.Release|Any CPU.Build.0 = Release|Any CPU
		{8C91A685-508A-450E-9D62-1F598742873A}.Debug|Any CPU.ActiveCfg = Debug|Any CPU
		{8C91A685-508A-450E-9D62-1F598742873A}.Debug|Any CPU.Build.0 = Debug|Any CPU
		{8C91A685-508A-450E-9D62-1F598742873A}.Release|Any CPU.ActiveCfg = Release|Any CPU
		{8C91A685-508A-450E-9D62-1F598742873A}.Release|Any CPU.Build.0 = Release|Any CPU
	EndGlobalSection
	GlobalSection(SolutionProperties) = preSolution
		HideSolutionNode = FALSE
	EndGlobalSection
	GlobalSection(ExtensibilityGlobals) = postSolution
		SolutionGuid = {3DCD0EBB-CCCC-42C1-9F90-AB15F6F074D8}
	EndGlobalSection
EndGlobal
